# This file is automatically @generated by Poetry 1.7.1 and should not be changed by hand.

[[package]]
name = "numpy"
version = "1.26.3"
description = "Fundamental package for array computing in Python"
optional = true
python-versions = ">=3.9"
files = [
    {file = "numpy-1.26.3-cp310-cp310-macosx_10_9_x86_64.whl", hash = "sha256:806dd64230dbbfaca8a27faa64e2f414bf1c6622ab78cc4264f7f5f028fee3bf"},
    {file = "numpy-1.26.3-cp310-cp310-macosx_11_0_arm64.whl", hash = "sha256:02f98011ba4ab17f46f80f7f8f1c291ee7d855fcef0a5a98db80767a468c85cd"},
    {file = "numpy-1.26.3-cp310-cp310-manylinux_2_17_aarch64.manylinux2014_aarch64.whl", hash = "sha256:6d45b3ec2faed4baca41c76617fcdcfa4f684ff7a151ce6fc78ad3b6e85af0a6"},
    {file = "numpy-1.26.3-cp310-cp310-manylinux_2_17_x86_64.manylinux2014_x86_64.whl", hash = "sha256:bdd2b45bf079d9ad90377048e2747a0c82351989a2165821f0c96831b4a2a54b"},
    {file = "numpy-1.26.3-cp310-cp310-musllinux_1_1_aarch64.whl", hash = "sha256:211ddd1e94817ed2d175b60b6374120244a4dd2287f4ece45d49228b4d529178"},
    {file = "numpy-1.26.3-cp310-cp310-musllinux_1_1_x86_64.whl", hash = "sha256:b1240f767f69d7c4c8a29adde2310b871153df9b26b5cb2b54a561ac85146485"},
    {file = "numpy-1.26.3-cp310-cp310-win32.whl", hash = "sha256:21a9484e75ad018974a2fdaa216524d64ed4212e418e0a551a2d83403b0531d3"},
    {file = "numpy-1.26.3-cp310-cp310-win_amd64.whl", hash = "sha256:9e1591f6ae98bcfac2a4bbf9221c0b92ab49762228f38287f6eeb5f3f55905ce"},
    {file = "numpy-1.26.3-cp311-cp311-macosx_10_9_x86_64.whl", hash = "sha256:b831295e5472954104ecb46cd98c08b98b49c69fdb7040483aff799a755a7374"},
    {file = "numpy-1.26.3-cp311-cp311-macosx_11_0_arm64.whl", hash = "sha256:9e87562b91f68dd8b1c39149d0323b42e0082db7ddb8e934ab4c292094d575d6"},
    {file = "numpy-1.26.3-cp311-cp311-manylinux_2_17_aarch64.manylinux2014_aarch64.whl", hash = "sha256:8c66d6fec467e8c0f975818c1796d25c53521124b7cfb760114be0abad53a0a2"},
    {file = "numpy-1.26.3-cp311-cp311-manylinux_2_17_x86_64.manylinux2014_x86_64.whl", hash = "sha256:f25e2811a9c932e43943a2615e65fc487a0b6b49218899e62e426e7f0a57eeda"},
    {file = "numpy-1.26.3-cp311-cp311-musllinux_1_1_aarch64.whl", hash = "sha256:af36e0aa45e25c9f57bf684b1175e59ea05d9a7d3e8e87b7ae1a1da246f2767e"},
    {file = "numpy-1.26.3-cp311-cp311-musllinux_1_1_x86_64.whl", hash = "sha256:51c7f1b344f302067b02e0f5b5d2daa9ed4a721cf49f070280ac202738ea7f00"},
    {file = "numpy-1.26.3-cp311-cp311-win32.whl", hash = "sha256:7ca4f24341df071877849eb2034948459ce3a07915c2734f1abb4018d9c49d7b"},
    {file = "numpy-1.26.3-cp311-cp311-win_amd64.whl", hash = "sha256:39763aee6dfdd4878032361b30b2b12593fb445ddb66bbac802e2113eb8a6ac4"},
    {file = "numpy-1.26.3-cp312-cp312-macosx_10_9_x86_64.whl", hash = "sha256:a7081fd19a6d573e1a05e600c82a1c421011db7935ed0d5c483e9dd96b99cf13"},
    {file = "numpy-1.26.3-cp312-cp312-macosx_11_0_arm64.whl", hash = "sha256:12c70ac274b32bc00c7f61b515126c9205323703abb99cd41836e8125ea0043e"},
    {file = "numpy-1.26.3-cp312-cp312-manylinux_2_17_aarch64.manylinux2014_aarch64.whl", hash = "sha256:7f784e13e598e9594750b2ef6729bcd5a47f6cfe4a12cca13def35e06d8163e3"},
    {file = "numpy-1.26.3-cp312-cp312-manylinux_2_17_x86_64.manylinux2014_x86_64.whl", hash = "sha256:5f24750ef94d56ce6e33e4019a8a4d68cfdb1ef661a52cdaee628a56d2437419"},
    {file = "numpy-1.26.3-cp312-cp312-musllinux_1_1_aarch64.whl", hash = "sha256:77810ef29e0fb1d289d225cabb9ee6cf4d11978a00bb99f7f8ec2132a84e0166"},
    {file = "numpy-1.26.3-cp312-cp312-musllinux_1_1_x86_64.whl", hash = "sha256:8ed07a90f5450d99dad60d3799f9c03c6566709bd53b497eb9ccad9a55867f36"},
    {file = "numpy-1.26.3-cp312-cp312-win32.whl", hash = "sha256:f73497e8c38295aaa4741bdfa4fda1a5aedda5473074369eca10626835445511"},
    {file = "numpy-1.26.3-cp312-cp312-win_amd64.whl", hash = "sha256:da4b0c6c699a0ad73c810736303f7fbae483bcb012e38d7eb06a5e3b432c981b"},
    {file = "numpy-1.26.3-cp39-cp39-macosx_10_9_x86_64.whl", hash = "sha256:1666f634cb3c80ccbd77ec97bc17337718f56d6658acf5d3b906ca03e90ce87f"},
    {file = "numpy-1.26.3-cp39-cp39-macosx_11_0_arm64.whl", hash = "sha256:18c3319a7d39b2c6a9e3bb75aab2304ab79a811ac0168a671a62e6346c29b03f"},
    {file = "numpy-1.26.3-cp39-cp39-manylinux_2_17_aarch64.manylinux2014_aarch64.whl", hash = "sha256:0b7e807d6888da0db6e7e75838444d62495e2b588b99e90dd80c3459594e857b"},
    {file = "numpy-1.26.3-cp39-cp39-manylinux_2_17_x86_64.manylinux2014_x86_64.whl", hash = "sha256:b4d362e17bcb0011738c2d83e0a65ea8ce627057b2fdda37678f4374a382a137"},
    {file = "numpy-1.26.3-cp39-cp39-musllinux_1_1_aarch64.whl", hash = "sha256:b8c275f0ae90069496068c714387b4a0eba5d531aace269559ff2b43655edd58"},
    {file = "numpy-1.26.3-cp39-cp39-musllinux_1_1_x86_64.whl", hash = "sha256:cc0743f0302b94f397a4a65a660d4cd24267439eb16493fb3caad2e4389bccbb"},
    {file = "numpy-1.26.3-cp39-cp39-win32.whl", hash = "sha256:9bc6d1a7f8cedd519c4b7b1156d98e051b726bf160715b769106661d567b3f03"},
    {file = "numpy-1.26.3-cp39-cp39-win_amd64.whl", hash = "sha256:867e3644e208c8922a3be26fc6bbf112a035f50f0a86497f98f228c50c607bb2"},
    {file = "numpy-1.26.3-pp39-pypy39_pp73-macosx_10_9_x86_64.whl", hash = "sha256:3c67423b3703f8fbd90f5adaa37f85b5794d3366948efe9a5190a5f3a83fc34e"},
    {file = "numpy-1.26.3-pp39-pypy39_pp73-manylinux_2_17_x86_64.manylinux2014_x86_64.whl", hash = "sha256:46f47ee566d98849323f01b349d58f2557f02167ee301e5e28809a8c0e27a2d0"},
    {file = "numpy-1.26.3-pp39-pypy39_pp73-win_amd64.whl", hash = "sha256:a8474703bffc65ca15853d5fd4d06b18138ae90c17c8d12169968e998e448bb5"},
    {file = "numpy-1.26.3.tar.gz", hash = "sha256:697df43e2b6310ecc9d95f05d5ef20eacc09c7c4ecc9da3f235d39e71b7da1e4"},
]

[[package]]
name = "pydivsufsort"
version = "0.0.14"
description = "String algorithms"
optional = true
python-versions = ">=3.6"
files = [
    {file = "pydivsufsort-0.0.14-cp310-cp310-macosx_10_9_x86_64.whl", hash = "sha256:77b65dd5a9b1dd7d192e57ebee53242a2c07865d7f3708a6a9c6f3ba576269c5"},
    {file = "pydivsufsort-0.0.14-cp310-cp310-macosx_11_0_arm64.whl", hash = "sha256:37495d019e6ded3bf55d4d83b2e54f05a8bd171f8740661c384f1016021bf982"},
    {file = "pydivsufsort-0.0.14-cp310-cp310-manylinux_2_17_x86_64.manylinux2014_x86_64.whl", hash = "sha256:43816ec3cea58f99275c4e0420bbd3bc7306a723d8e957a278d85fbb0e745388"},
    {file = "pydivsufsort-0.0.14-cp310-cp310-win32.whl", hash = "sha256:279f10b8b5cc1bef3bc4a8c1b114108594eb8cc32b481f89f3e1664e6da48644"},
    {file = "pydivsufsort-0.0.14-cp310-cp310-win_amd64.whl", hash = "sha256:d7988df0a5338e821b23e95da8606f7983cacb957f4fd8cbd02f86d5cfc80d82"},
    {file = "pydivsufsort-0.0.14-cp311-cp311-macosx_10_9_x86_64.whl", hash = "sha256:a14520282c3d754871d3c1926dd64d02e72f0f0d3eb975db0355a3efbb372ec0"},
    {file = "pydivsufsort-0.0.14-cp311-cp311-macosx_11_0_arm64.whl", hash = "sha256:3a75ed2c6b2f65c7e2ceaca4974bb474b9dd907ce79bb3ec0fd50af386f444f4"},
    {file = "pydivsufsort-0.0.14-cp311-cp311-manylinux_2_17_x86_64.manylinux2014_x86_64.whl", hash = "sha256:aad177629b0502260ef49fa87c7155c520e5028e7bef13001c52c6563c335777"},
    {file = "pydivsufsort-0.0.14-cp311-cp311-win32.whl", hash = "sha256:cfaff98c35d74c0d15042b1d0b2fe9451f451af855cd1fbd0a93ebdafc7cef7c"},
    {file = "pydivsufsort-0.0.14-cp311-cp311-win_amd64.whl", hash = "sha256:f85e94af3f676ecd2c9c39d4c35b2fdd0e912f68965cce641c86290d85f13ed8"},
    {file = "pydivsufsort-0.0.14-cp312-cp312-macosx_10_9_x86_64.whl", hash = "sha256:968522a601f27a080c07d09ca80a6e880468df2a4226f1aad633a7eeb11e4b5e"},
    {file = "pydivsufsort-0.0.14-cp312-cp312-macosx_11_0_arm64.whl", hash = "sha256:f7f25c5953c2f855d16d04f7814e57fef41dfa7e37cdcd0d2aa51eed37a9a9c6"},
    {file = "pydivsufsort-0.0.14-cp312-cp312-manylinux_2_17_x86_64.manylinux2014_x86_64.whl", hash = "sha256:87bafd4ce3c8899f45500f7ddddae93a55abaf5fba5e8c2fb8ba411b69a873b4"},
    {file = "pydivsufsort-0.0.14-cp312-cp312-win32.whl", hash = "sha256:6a1691d51ba869b0f29799b19cf5e9b7793e5187c89cb758945b4fa22fc518d1"},
    {file = "pydivsufsort-0.0.14-cp312-cp312-win_amd64.whl", hash = "sha256:9740416f8bcd06f43c056b24368077fed488c0bb99ac90e4d0ae5f8029259177"},
    {file = "pydivsufsort-0.0.14-cp36-cp36m-macosx_10_9_x86_64.whl", hash = "sha256:e40d365c27feb96d3c016866439fd80c192123f2b07d40067d7249df06306b4d"},
    {file = "pydivsufsort-0.0.14-cp36-cp36m-manylinux_2_17_x86_64.manylinux2014_x86_64.whl", hash = "sha256:aef2b87b73d18cfc5d3e928d251e0bf59c7d2b508812c4a34e50cfa97646e6f5"},
    {file = "pydivsufsort-0.0.14-cp36-cp36m-win32.whl", hash = "sha256:0ed4d720f5b9564e7657810a83562803f49be76c05a1c89322991d17929ea3fb"},
    {file = "pydivsufsort-0.0.14-cp36-cp36m-win_amd64.whl", hash = "sha256:0f672b1e3b588ca327e1f9ddaa51e6561ef48f8ba0b050aa6fd5092a8981cbc1"},
    {file = "pydivsufsort-0.0.14-cp37-cp37m-macosx_10_9_x86_64.whl", hash = "sha256:3a5d65a478d2e0313aca8dd9eaa0c680be11d2857b350c5685b9680d404382e2"},
    {file = "pydivsufsort-0.0.14-cp37-cp37m-manylinux_2_17_x86_64.manylinux2014_x86_64.whl", hash = "sha256:532a919cf428740b2adb2c4b1afd5d8b900041e2fe7fc8cc4c029daf3c1309a5"},
    {file = "pydivsufsort-0.0.14-cp37-cp37m-win32.whl", hash = "sha256:7e7340e1681db1a256000538f0837ffbc7082a56dbc34248c85f6d7ad859c667"},
    {file = "pydivsufsort-0.0.14-cp37-cp37m-win_amd64.whl", hash = "sha256:d6be090e1e959beeb3a94f0de2465783eae354bf032d45dc9f105ab04f5bfaa2"},
    {file = "pydivsufsort-0.0.14-cp38-cp38-macosx_10_9_x86_64.whl", hash = "sha256:e9e1ba270bb62c2595f749a9a06433c3ac0e5fd2a6faa3eb185db627c83b79b8"},
    {file = "pydivsufsort-0.0.14-cp38-cp38-macosx_11_0_arm64.whl", hash = "sha256:bb3baabcbdfa327959e8720c083fda07607b7b22e923f4e7e6262a8c703db236"},
    {file = "pydivsufsort-0.0.14-cp38-cp38-manylinux_2_17_x86_64.manylinux2014_x86_64.whl", hash = "sha256:9834281e425a9b19fbfd809779c31da807f29d37794aa70180b2d998446d0451"},
    {file = "pydivsufsort-0.0.14-cp38-cp38-win32.whl", hash = "sha256:6fcbad6c22c4dda3d2b11f7845ad47c200713f9aee415ff892cf5b02abca740d"},
    {file = "pydivsufsort-0.0.14-cp38-cp38-win_amd64.whl", hash = "sha256:5af7565bfbb0304287875a834d62df2c4b374cc45653d124b80f05bd7fab96ce"},
    {file = "pydivsufsort-0.0.14-cp39-cp39-macosx_10_9_x86_64.whl", hash = "sha256:0cb9d880cb088b3c36a12aeb2fad0357613f257cce07c166c64f29407220ce7e"},
    {file = "pydivsufsort-0.0.14-cp39-cp39-macosx_11_0_arm64.whl", hash = "sha256:43e1c6157a1821ce5be3beb5866defea53e8eb498fe06b4c5c896b44840ad723"},
    {file = "pydivsufsort-0.0.14-cp39-cp39-manylinux_2_17_x86_64.manylinux2014_x86_64.whl", hash = "sha256:b0d4c480fca182596730f141e5deb5866d14cf9e30ab73e517d15ba4dc9e1971"},
    {file = "pydivsufsort-0.0.14-cp39-cp39-win32.whl", hash = "sha256:c5f669517110c098164911750ea769c2b201d99453816c46006d9ebd01934673"},
    {file = "pydivsufsort-0.0.14-cp39-cp39-win_amd64.whl", hash = "sha256:8a4492523b3dc9a9a12585a6170b917b27fa2bd1b8780e9d4243f92260eee23c"},
    {file = "pydivsufsort-0.0.14.tar.gz", hash = "sha256:83272e77a5740cb54de6d73d6e8480497b7628384bc1e0adc7cad905fba72d01"},
]

[package.dependencies]
numpy = "*"
wheel = "*"

[[package]]
name = "wheel"
version = "0.42.0"
description = "A built-package format for Python"
optional = true
python-versions = ">=3.7"
files = [
    {file = "wheel-0.42.0-py3-none-any.whl", hash = "sha256:177f9c9b0d45c47873b619f5b650346d632cdc35fb5e4d25058e09c9e581433d"},
    {file = "wheel-0.42.0.tar.gz", hash = "sha256:c45be39f7882c9d34243236f2d63cbd58039e360f85d0913425fbd7ceea617a8"},
]

[package.extras]
test = ["pytest (>=6.0.0)", "setuptools (>=65)"]

[extras]
pydivsufsort = ["pydivsufsort"]

[metadata]
lock-version = "2.0"
python-versions = "^3.9"
content-hash = "5dbee1624784497d1a310e932551e8c287f82c53f1ca8558174ae34030903fc1"
