# This file is automatically @generated by Poetry 1.7.1 and should not be changed by hand.

[[package]]
name = "numpy"
version = "1.24.4"
description = "Fundamental package for array computing in Python"
optional = true
python-versions = ">=3.8"
files = [
    {file = "numpy-1.24.4-cp310-cp310-macosx_10_9_x86_64.whl", hash = "sha256:c0bfb52d2169d58c1cdb8cc1f16989101639b34c7d3ce60ed70b19c63eba0b64"},
    {file = "numpy-1.24.4-cp310-cp310-macosx_11_0_arm64.whl", hash = "sha256:ed094d4f0c177b1b8e7aa9cba7d6ceed51c0e569a5318ac0ca9a090680a6a1b1"},
    {file = "numpy-1.24.4-cp310-cp310-manylinux_2_17_aarch64.manylinux2014_aarch64.whl", hash = "sha256:79fc682a374c4a8ed08b331bef9c5f582585d1048fa6d80bc6c35bc384eee9b4"},
    {file = "numpy-1.24.4-cp310-cp310-manylinux_2_17_x86_64.manylinux2014_x86_64.whl", hash = "sha256:7ffe43c74893dbf38c2b0a1f5428760a1a9c98285553c89e12d70a96a7f3a4d6"},
    {file = "numpy-1.24.4-cp310-cp310-win32.whl", hash = "sha256:4c21decb6ea94057331e111a5bed9a79d335658c27ce2adb580fb4d54f2ad9bc"},
    {file = "numpy-1.24.4-cp310-cp310-win_amd64.whl", hash = "sha256:b4bea75e47d9586d31e892a7401f76e909712a0fd510f58f5337bea9572c571e"},
    {file = "numpy-1.24.4-cp311-cp311-macosx_10_9_x86_64.whl", hash = "sha256:f136bab9c2cfd8da131132c2cf6cc27331dd6fae65f95f69dcd4ae3c3639c810"},
    {file = "numpy-1.24.4-cp311-cp311-macosx_11_0_arm64.whl", hash = "sha256:e2926dac25b313635e4d6cf4dc4e51c8c0ebfed60b801c799ffc4c32bf3d1254"},
    {file = "numpy-1.24.4-cp311-cp311-manylinux_2_17_aarch64.manylinux2014_aarch64.whl", hash = "sha256:222e40d0e2548690405b0b3c7b21d1169117391c2e82c378467ef9ab4c8f0da7"},
    {file = "numpy-1.24.4-cp311-cp311-manylinux_2_17_x86_64.manylinux2014_x86_64.whl", hash = "sha256:7215847ce88a85ce39baf9e89070cb860c98fdddacbaa6c0da3ffb31b3350bd5"},
    {file = "numpy-1.24.4-cp311-cp311-win32.whl", hash = "sha256:4979217d7de511a8d57f4b4b5b2b965f707768440c17cb70fbf254c4b225238d"},
    {file = "numpy-1.24.4-cp311-cp311-win_amd64.whl", hash = "sha256:b7b1fc9864d7d39e28f41d089bfd6353cb5f27ecd9905348c24187a768c79694"},
    {file = "numpy-1.24.4-cp38-cp38-macosx_10_9_x86_64.whl", hash = "sha256:1452241c290f3e2a312c137a9999cdbf63f78864d63c79039bda65ee86943f61"},
    {file = "numpy-1.24.4-cp38-cp38-macosx_11_0_arm64.whl", hash = "sha256:04640dab83f7c6c85abf9cd729c5b65f1ebd0ccf9de90b270cd61935eef0197f"},
    {file = "numpy-1.24.4-cp38-cp38-manylinux_2_17_aarch64.manylinux2014_aarch64.whl", hash = "sha256:a5425b114831d1e77e4b5d812b69d11d962e104095a5b9c3b641a218abcc050e"},
    {file = "numpy-1.24.4-cp38-cp38-manylinux_2_17_x86_64.manylinux2014_x86_64.whl", hash = "sha256:dd80e219fd4c71fc3699fc1dadac5dcf4fd882bfc6f7ec53d30fa197b8ee22dc"},
    {file = "numpy-1.24.4-cp38-cp38-win32.whl", hash = "sha256:4602244f345453db537be5314d3983dbf5834a9701b7723ec28923e2889e0bb2"},
    {file = "numpy-1.24.4-cp38-cp38-win_amd64.whl", hash = "sha256:692f2e0f55794943c5bfff12b3f56f99af76f902fc47487bdfe97856de51a706"},
    {file = "numpy-1.24.4-cp39-cp39-macosx_10_9_x86_64.whl", hash = "sha256:2541312fbf09977f3b3ad449c4e5f4bb55d0dbf79226d7724211acc905049400"},
    {file = "numpy-1.24.4-cp39-cp39-macosx_11_0_arm64.whl", hash = "sha256:9667575fb6d13c95f1b36aca12c5ee3356bf001b714fc354eb5465ce1609e62f"},
    {file = "numpy-1.24.4-cp39-cp39-manylinux_2_17_aarch64.manylinux2014_aarch64.whl", hash = "sha256:f3a86ed21e4f87050382c7bc96571755193c4c1392490744ac73d660e8f564a9"},
    {file = "numpy-1.24.4-cp39-cp39-manylinux_2_17_x86_64.manylinux2014_x86_64.whl", hash = "sha256:d11efb4dbecbdf22508d55e48d9c8384db795e1b7b51ea735289ff96613ff74d"},
    {file = "numpy-1.24.4-cp39-cp39-win32.whl", hash = "sha256:6620c0acd41dbcb368610bb2f4d83145674040025e5536954782467100aa8835"},
    {file = "numpy-1.24.4-cp39-cp39-win_amd64.whl", hash = "sha256:befe2bf740fd8373cf56149a5c23a0f601e82869598d41f8e188a0e9869926f8"},
    {file = "numpy-1.24.4-pp38-pypy38_pp73-macosx_10_9_x86_64.whl", hash = "sha256:31f13e25b4e304632a4619d0e0777662c2ffea99fcae2029556b17d8ff958aef"},
    {file = "numpy-1.24.4-pp38-pypy38_pp73-manylinux_2_17_x86_64.manylinux2014_x86_64.whl", hash = "sha256:95f7ac6540e95bc440ad77f56e520da5bf877f87dca58bd095288dce8940532a"},
    {file = "numpy-1.24.4-pp38-pypy38_pp73-win_amd64.whl", hash = "sha256:e98f220aa76ca2a977fe435f5b04d7b3470c0a2e6312907b37ba6068f26787f2"},
    {file = "numpy-1.24.4.tar.gz", hash = "sha256:80f5e3a4e498641401868df4208b74581206afbee7cf7b8329daae82676d9463"},
]

[[package]]
name = "pydivsufsort"
version = "0.0.14"
description = "String algorithms"
optional = true
python-versions = ">=3.6"
files = [
    {file = "pydivsufsort-0.0.14-cp310-cp310-macosx_10_9_x86_64.whl", hash = "sha256:77b65dd5a9b1dd7d192e57ebee53242a2c07865d7f3708a6a9c6f3ba576269c5"},
    {file = "pydivsufsort-0.0.14-cp310-cp310-macosx_11_0_arm64.whl", hash = "sha256:37495d019e6ded3bf55d4d83b2e54f05a8bd171f8740661c384f1016021bf982"},
    {file = "pydivsufsort-0.0.14-cp310-cp310-manylinux_2_17_x86_64.manylinux2014_x86_64.whl", hash = "sha256:43816ec3cea58f99275c4e0420bbd3bc7306a723d8e957a278d85fbb0e745388"},
    {file = "pydivsufsort-0.0.14-cp310-cp310-win32.whl", hash = "sha256:279f10b8b5cc1bef3bc4a8c1b114108594eb8cc32b481f89f3e1664e6da48644"},
    {file = "pydivsufsort-0.0.14-cp310-cp310-win_amd64.whl", hash = "sha256:d7988df0a5338e821b23e95da8606f7983cacb957f4fd8cbd02f86d5cfc80d82"},
    {file = "pydivsufsort-0.0.14-cp311-cp311-macosx_10_9_x86_64.whl", hash = "sha256:a14520282c3d754871d3c1926dd64d02e72f0f0d3eb975db0355a3efbb372ec0"},
    {file = "pydivsufsort-0.0.14-cp311-cp311-macosx_11_0_arm64.whl", hash = "sha256:3a75ed2c6b2f65c7e2ceaca4974bb474b9dd907ce79bb3ec0fd50af386f444f4"},
    {file = "pydivsufsort-0.0.14-cp311-cp311-manylinux_2_17_x86_64.manylinux2014_x86_64.whl", hash = "sha256:aad177629b0502260ef49fa87c7155c520e5028e7bef13001c52c6563c335777"},
    {file = "pydivsufsort-0.0.14-cp311-cp311-win32.whl", hash = "sha256:cfaff98c35d74c0d15042b1d0b2fe9451f451af855cd1fbd0a93ebdafc7cef7c"},
    {file = "pydivsufsort-0.0.14-cp311-cp311-win_amd64.whl", hash = "sha256:f85e94af3f676ecd2c9c39d4c35b2fdd0e912f68965cce641c86290d85f13ed8"},
    {file = "pydivsufsort-0.0.14-cp312-cp312-macosx_10_9_x86_64.whl", hash = "sha256:968522a601f27a080c07d09ca80a6e880468df2a4226f1aad633a7eeb11e4b5e"},
    {file = "pydivsufsort-0.0.14-cp312-cp312-macosx_11_0_arm64.whl", hash = "sha256:f7f25c5953c2f855d16d04f7814e57fef41dfa7e37cdcd0d2aa51eed37a9a9c6"},
    {file = "pydivsufsort-0.0.14-cp312-cp312-manylinux_2_17_x86_64.manylinux2014_x86_64.whl", hash = "sha256:87bafd4ce3c8899f45500f7ddddae93a55abaf5fba5e8c2fb8ba411b69a873b4"},
    {file = "pydivsufsort-0.0.14-cp312-cp312-win32.whl", hash = "sha256:6a1691d51ba869b0f29799b19cf5e9b7793e5187c89cb758945b4fa22fc518d1"},
    {file = "pydivsufsort-0.0.14-cp312-cp312-win_amd64.whl", hash = "sha256:9740416f8bcd06f43c056b24368077fed488c0bb99ac90e4d0ae5f8029259177"},
    {file = "pydivsufsort-0.0.14-cp36-cp36m-macosx_10_9_x86_64.whl", hash = "sha256:e40d365c27feb96d3c016866439fd80c192123f2b07d40067d7249df06306b4d"},
    {file = "pydivsufsort-0.0.14-cp36-cp36m-manylinux_2_17_x86_64.manylinux2014_x86_64.whl", hash = "sha256:aef2b87b73d18cfc5d3e928d251e0bf59c7d2b508812c4a34e50cfa97646e6f5"},
    {file = "pydivsufsort-0.0.14-cp36-cp36m-win32.whl", hash = "sha256:0ed4d720f5b9564e7657810a83562803f49be76c05a1c89322991d17929ea3fb"},
    {file = "pydivsufsort-0.0.14-cp36-cp36m-win_amd64.whl", hash = "sha256:0f672b1e3b588ca327e1f9ddaa51e6561ef48f8ba0b050aa6fd5092a8981cbc1"},
    {file = "pydivsufsort-0.0.14-cp37-cp37m-macosx_10_9_x86_64.whl", hash = "sha256:3a5d65a478d2e0313aca8dd9eaa0c680be11d2857b350c5685b9680d404382e2"},
    {file = "pydivsufsort-0.0.14-cp37-cp37m-manylinux_2_17_x86_64.manylinux2014_x86_64.whl", hash = "sha256:532a919cf428740b2adb2c4b1afd5d8b900041e2fe7fc8cc4c029daf3c1309a5"},
    {file = "pydivsufsort-0.0.14-cp37-cp37m-win32.whl", hash = "sha256:7e7340e1681db1a256000538f0837ffbc7082a56dbc34248c85f6d7ad859c667"},
    {file = "pydivsufsort-0.0.14-cp37-cp37m-win_amd64.whl", hash = "sha256:d6be090e1e959beeb3a94f0de2465783eae354bf032d45dc9f105ab04f5bfaa2"},
    {file = "pydivsufsort-0.0.14-cp38-cp38-macosx_10_9_x86_64.whl", hash = "sha256:e9e1ba270bb62c2595f749a9a06433c3ac0e5fd2a6faa3eb185db627c83b79b8"},
    {file = "pydivsufsort-0.0.14-cp38-cp38-macosx_11_0_arm64.whl", hash = "sha256:bb3baabcbdfa327959e8720c083fda07607b7b22e923f4e7e6262a8c703db236"},
    {file = "pydivsufsort-0.0.14-cp38-cp38-manylinux_2_17_x86_64.manylinux2014_x86_64.whl", hash = "sha256:9834281e425a9b19fbfd809779c31da807f29d37794aa70180b2d998446d0451"},
    {file = "pydivsufsort-0.0.14-cp38-cp38-win32.whl", hash = "sha256:6fcbad6c22c4dda3d2b11f7845ad47c200713f9aee415ff892cf5b02abca740d"},
    {file = "pydivsufsort-0.0.14-cp38-cp38-win_amd64.whl", hash = "sha256:5af7565bfbb0304287875a834d62df2c4b374cc45653d124b80f05bd7fab96ce"},
    {file = "pydivsufsort-0.0.14-cp39-cp39-macosx_10_9_x86_64.whl", hash = "sha256:0cb9d880cb088b3c36a12aeb2fad0357613f257cce07c166c64f29407220ce7e"},
    {file = "pydivsufsort-0.0.14-cp39-cp39-macosx_11_0_arm64.whl", hash = "sha256:43e1c6157a1821ce5be3beb5866defea53e8eb498fe06b4c5c896b44840ad723"},
    {file = "pydivsufsort-0.0.14-cp39-cp39-manylinux_2_17_x86_64.manylinux2014_x86_64.whl", hash = "sha256:b0d4c480fca182596730f141e5deb5866d14cf9e30ab73e517d15ba4dc9e1971"},
    {file = "pydivsufsort-0.0.14-cp39-cp39-win32.whl", hash = "sha256:c5f669517110c098164911750ea769c2b201d99453816c46006d9ebd01934673"},
    {file = "pydivsufsort-0.0.14-cp39-cp39-win_amd64.whl", hash = "sha256:8a4492523b3dc9a9a12585a6170b917b27fa2bd1b8780e9d4243f92260eee23c"},
    {file = "pydivsufsort-0.0.14.tar.gz", hash = "sha256:83272e77a5740cb54de6d73d6e8480497b7628384bc1e0adc7cad905fba72d01"},
]

[package.dependencies]
numpy = "*"
wheel = "*"

[[package]]
name = "wheel"
version = "0.42.0"
description = "A built-package format for Python"
optional = true
python-versions = ">=3.7"
files = [
    {file = "wheel-0.42.0-py3-none-any.whl", hash = "sha256:177f9c9b0d45c47873b619f5b650346d632cdc35fb5e4d25058e09c9e581433d"},
    {file = "wheel-0.42.0.tar.gz", hash = "sha256:c45be39f7882c9d34243236f2d63cbd58039e360f85d0913425fbd7ceea617a8"},
]

[package.extras]
test = ["pytest (>=6.0.0)", "setuptools (>=65)"]

[extras]
pydivsufsort = ["pydivsufsort"]

[metadata]
lock-version = "2.0"
python-versions = ">=3.8, <4.0"
content-hash = "b2d27c0f931d0d3cdd3280700b59c2cce0fdd4aa497f6df3d41a8a25f4bfcde1"
